// !$*UTF8*$!
{
	archiveVersion = 1;
	classes = {
	};
	objectVersion = 50;
	objects = {

/* Begin PBXBuildFile section */
		B8F797F0225C5E1E00003DE6 /* libcppbackport.a in Frameworks */ = {isa = PBXBuildFile; fileRef = B8F797EF225C5E1E00003DE6 /* libcppbackport.a */; };
		B8F797FD225C641F00003DE6 /* liblokinet-platform.a in Frameworks */ = {isa = PBXBuildFile; fileRef = B8F797FB225C641200003DE6 /* liblokinet-platform.a */; };
		B8F79802225C736E00003DE6 /* libabsl_internal_city.a in Frameworks */ = {isa = PBXBuildFile; fileRef = B8F79801225C736E00003DE6 /* libabsl_internal_city.a */; };
		B8F79805225C745400003DE6 /* libabsl_hash.a in Frameworks */ = {isa = PBXBuildFile; fileRef = B8F79803225C737300003DE6 /* libabsl_hash.a */; };
		B8F79809225C74A800003DE6 /* libabsl_internal_throw_delegate.a in Frameworks */ = {isa = PBXBuildFile; fileRef = B8F79808225C74A800003DE6 /* libabsl_internal_throw_delegate.a */; };
		B8F7980B225C74FA00003DE6 /* libabsl_strings.a in Frameworks */ = {isa = PBXBuildFile; fileRef = B8F7980A225C74FA00003DE6 /* libabsl_strings.a */; };
		B8F7981A225D6F4100003DE6 /* liblokinet-util.a in Frameworks */ = {isa = PBXBuildFile; fileRef = B8F797FF225C6D3600003DE6 /* liblokinet-util.a */; };
		B8F79848225DAA0C00003DE6 /* liblibutp.a in Frameworks */ = {isa = PBXBuildFile; fileRef = B8F79847225DAA0C00003DE6 /* liblibutp.a */; };
		B8F7984E225DAB7A00003DE6 /* libabyss.a in Frameworks */ = {isa = PBXBuildFile; fileRef = B8F7984D225DAB7A00003DE6 /* libabyss.a */; };
		B8F79852225DAC4000003DE6 /* liblokinet-cryptography.a in Frameworks */ = {isa = PBXBuildFile; fileRef = B8F79851225DAC4000003DE6 /* liblokinet-cryptography.a */; };
		B8F79858225DAE1700003DE6 /* libabsl_synchronization.a in Frameworks */ = {isa = PBXBuildFile; fileRef = B8F79857225DAE1700003DE6 /* libabsl_synchronization.a */; };
		B8F7985A225DAE7100003DE6 /* libabsl_base.a in Frameworks */ = {isa = PBXBuildFile; fileRef = B8F79859225DAE7100003DE6 /* libabsl_base.a */; };
		B8F7985C225DAE8B00003DE6 /* libabsl_internal_malloc_internal.a in Frameworks */ = {isa = PBXBuildFile; fileRef = B8F7985B225DAE8B00003DE6 /* libabsl_internal_malloc_internal.a */; };
		B8F7985E225DAE9700003DE6 /* libabsl_internal_spinlock_wait.a in Frameworks */ = {isa = PBXBuildFile; fileRef = B8F7985D225DAE9700003DE6 /* libabsl_internal_spinlock_wait.a */; };
		B8F79860225DAF4F00003DE6 /* libabsl_time.a in Frameworks */ = {isa = PBXBuildFile; fileRef = B8F7985F225DAF4F00003DE6 /* libabsl_time.a */; };
		B8F79862225DB07800003DE6 /* libabsl_variant.a in Frameworks */ = {isa = PBXBuildFile; fileRef = B8F79861225DB07800003DE6 /* libabsl_variant.a */; };
		B8F79864225DB0DB00003DE6 /* libabsl_symbolize.a in Frameworks */ = {isa = PBXBuildFile; fileRef = B8F79863225DB0DB00003DE6 /* libabsl_symbolize.a */; };
		B8F79866225DB13E00003DE6 /* libabsl_stacktrace.a in Frameworks */ = {isa = PBXBuildFile; fileRef = B8F79865225DB13E00003DE6 /* libabsl_stacktrace.a */; };
		B8F7986A225DB19A00003DE6 /* libabsl_bad_optional_access.a in Frameworks */ = {isa = PBXBuildFile; fileRef = B8F79869225DB19A00003DE6 /* libabsl_bad_optional_access.a */; };
		B8F7986C225DB1CE00003DE6 /* libabsl_int128.a in Frameworks */ = {isa = PBXBuildFile; fileRef = B8F7986B225DB1CD00003DE6 /* libabsl_int128.a */; };
		C3CBFB652256D47400F34631 /* liblokinet-wrapper.cpp in Sources */ = {isa = PBXBuildFile; fileRef = C3CBFB632256D47400F34631 /* liblokinet-wrapper.cpp */; };
		C3CBFB672256D57000F34631 /* liblokinet-static.a in Frameworks */ = {isa = PBXBuildFile; fileRef = C3CBFB662256D57000F34631 /* liblokinet-static.a */; };
		C3FBE36522542DD60006284B /* AppDelegate.swift in Sources */ = {isa = PBXBuildFile; fileRef = C3FBE36422542DD60006284B /* AppDelegate.swift */; };
		C3FBE36722542DD60006284B /* ViewController.swift in Sources */ = {isa = PBXBuildFile; fileRef = C3FBE36622542DD60006284B /* ViewController.swift */; };
		C3FBE36A22542DD60006284B /* Main.storyboard in Resources */ = {isa = PBXBuildFile; fileRef = C3FBE36822542DD60006284B /* Main.storyboard */; };
		C3FBE36C22542DD80006284B /* Assets.xcassets in Resources */ = {isa = PBXBuildFile; fileRef = C3FBE36B22542DD80006284B /* Assets.xcassets */; };
		C3FBE36F22542DD80006284B /* LaunchScreen.storyboard in Resources */ = {isa = PBXBuildFile; fileRef = C3FBE36D22542DD80006284B /* LaunchScreen.storyboard */; };
/* End PBXBuildFile section */

/* Begin PBXFileReference section */
		B8F797EF225C5E1E00003DE6 /* libcppbackport.a */ = {isa = PBXFileReference; lastKnownFileType = archive.ar; name = libcppbackport.a; path = ../build/vendor/libcppbackport.a; sourceTree = "<group>"; };
		B8F797FB225C641200003DE6 /* liblokinet-platform.a */ = {isa = PBXFileReference; lastKnownFileType = archive.ar; name = "liblokinet-platform.a"; path = "../build/llarp/liblokinet-platform.a"; sourceTree = "<group>"; };
		B8F797FF225C6D3600003DE6 /* liblokinet-util.a */ = {isa = PBXFileReference; lastKnownFileType = archive.ar; name = "liblokinet-util.a"; path = "../build/llarp/liblokinet-util.a"; sourceTree = "<group>"; };
		B8F79801225C736E00003DE6 /* libabsl_internal_city.a */ = {isa = PBXFileReference; lastKnownFileType = archive.ar; name = libabsl_internal_city.a; path = "../build/vendor/abseil-cpp/absl/hash/libabsl_internal_city.a"; sourceTree = "<group>"; };
		B8F79803225C737300003DE6 /* libabsl_hash.a */ = {isa = PBXFileReference; lastKnownFileType = archive.ar; name = libabsl_hash.a; path = "../build/vendor/abseil-cpp/absl/hash/libabsl_hash.a"; sourceTree = "<group>"; };
		B8F79808225C74A800003DE6 /* libabsl_internal_throw_delegate.a */ = {isa = PBXFileReference; lastKnownFileType = archive.ar; name = libabsl_internal_throw_delegate.a; path = "../build/vendor/abseil-cpp/absl/base/libabsl_internal_throw_delegate.a"; sourceTree = "<group>"; };
		B8F7980A225C74FA00003DE6 /* libabsl_strings.a */ = {isa = PBXFileReference; lastKnownFileType = archive.ar; name = libabsl_strings.a; path = "../build/vendor/abseil-cpp/absl/strings/libabsl_strings.a"; sourceTree = "<group>"; };
		B8F79847225DAA0C00003DE6 /* liblibutp.a */ = {isa = PBXFileReference; lastKnownFileType = archive.ar; name = liblibutp.a; path = ../build/libutp/liblibutp.a; sourceTree = "<group>"; };
		B8F7984D225DAB7A00003DE6 /* libabyss.a */ = {isa = PBXFileReference; lastKnownFileType = archive.ar; name = libabyss.a; path = ../build/libabyss.a; sourceTree = "<group>"; };
		B8F79851225DAC4000003DE6 /* liblokinet-cryptography.a */ = {isa = PBXFileReference; lastKnownFileType = archive.ar; name = "liblokinet-cryptography.a"; path = "../build/crypto/liblokinet-cryptography.a"; sourceTree = "<group>"; };
		B8F79857225DAE1700003DE6 /* libabsl_synchronization.a */ = {isa = PBXFileReference; lastKnownFileType = archive.ar; name = libabsl_synchronization.a; path = "../build/vendor/abseil-cpp/absl/synchronization/libabsl_synchronization.a"; sourceTree = "<group>"; };
		B8F79859225DAE7100003DE6 /* libabsl_base.a */ = {isa = PBXFileReference; lastKnownFileType = archive.ar; name = libabsl_base.a; path = "../build/vendor/abseil-cpp/absl/base/libabsl_base.a"; sourceTree = "<group>"; };
		B8F7985B225DAE8B00003DE6 /* libabsl_internal_malloc_internal.a */ = {isa = PBXFileReference; lastKnownFileType = archive.ar; name = libabsl_internal_malloc_internal.a; path = "../build/vendor/abseil-cpp/absl/base/libabsl_internal_malloc_internal.a"; sourceTree = "<group>"; };
		B8F7985D225DAE9700003DE6 /* libabsl_internal_spinlock_wait.a */ = {isa = PBXFileReference; lastKnownFileType = archive.ar; name = libabsl_internal_spinlock_wait.a; path = "../build/vendor/abseil-cpp/absl/base/libabsl_internal_spinlock_wait.a"; sourceTree = "<group>"; };
		B8F7985F225DAF4F00003DE6 /* libabsl_time.a */ = {isa = PBXFileReference; lastKnownFileType = archive.ar; name = libabsl_time.a; path = "../build/vendor/abseil-cpp/absl/time/libabsl_time.a"; sourceTree = "<group>"; };
		B8F79861225DB07800003DE6 /* libabsl_variant.a */ = {isa = PBXFileReference; lastKnownFileType = archive.ar; name = libabsl_variant.a; path = "../build/vendor/abseil-cpp/absl/types/libabsl_variant.a"; sourceTree = "<group>"; };
		B8F79863225DB0DB00003DE6 /* libabsl_symbolize.a */ = {isa = PBXFileReference; lastKnownFileType = archive.ar; name = libabsl_symbolize.a; path = "../build/vendor/abseil-cpp/absl/debugging/libabsl_symbolize.a"; sourceTree = "<group>"; };
		B8F79865225DB13E00003DE6 /* libabsl_stacktrace.a */ = {isa = PBXFileReference; lastKnownFileType = archive.ar; name = libabsl_stacktrace.a; path = "../build/vendor/abseil-cpp/absl/debugging/libabsl_stacktrace.a"; sourceTree = "<group>"; };
		B8F79869225DB19A00003DE6 /* libabsl_bad_optional_access.a */ = {isa = PBXFileReference; lastKnownFileType = archive.ar; name = libabsl_bad_optional_access.a; path = "../build/vendor/abseil-cpp/absl/types/libabsl_bad_optional_access.a"; sourceTree = "<group>"; };
		B8F7986B225DB1CD00003DE6 /* libabsl_int128.a */ = {isa = PBXFileReference; lastKnownFileType = archive.ar; name = libabsl_int128.a; path = "../build/vendor/abseil-cpp/absl/numeric/libabsl_int128.a"; sourceTree = "<group>"; };
		C3CBFB632256D47400F34631 /* liblokinet-wrapper.cpp */ = {isa = PBXFileReference; lastKnownFileType = sourcecode.cpp.cpp; name = "liblokinet-wrapper.cpp"; path = "liblokinet/liblokinet-wrapper.cpp"; sourceTree = "<group>"; };
		C3CBFB642256D47400F34631 /* liblokinet-wrapper.h */ = {isa = PBXFileReference; lastKnownFileType = sourcecode.c.h; name = "liblokinet-wrapper.h"; path = "liblokinet/liblokinet-wrapper.h"; sourceTree = "<group>"; };
		C3CBFB662256D57000F34631 /* liblokinet-static.a */ = {isa = PBXFileReference; lastKnownFileType = archive.ar; name = "liblokinet-static.a"; path = "../build/llarp/liblokinet-static.a"; sourceTree = "<group>"; };
		C3CBFB682256D61600F34631 /* llarp.h */ = {isa = PBXFileReference; lastKnownFileType = sourcecode.c.h; name = llarp.h; path = ../../include/llarp.h; sourceTree = "<group>"; };
		C3CBFB692257151D00F34631 /* C++ Interop Guide.md */ = {isa = PBXFileReference; lastKnownFileType = net.daringfireball.markdown; path = "C++ Interop Guide.md"; sourceTree = "<group>"; };
		C3FBE36122542DD60006284B /* Loki Network.app */ = {isa = PBXFileReference; explicitFileType = wrapper.application; includeInIndex = 0; path = "Loki Network.app"; sourceTree = BUILT_PRODUCTS_DIR; };
		C3FBE36422542DD60006284B /* AppDelegate.swift */ = {isa = PBXFileReference; lastKnownFileType = sourcecode.swift; path = AppDelegate.swift; sourceTree = "<group>"; };
		C3FBE36622542DD60006284B /* ViewController.swift */ = {isa = PBXFileReference; lastKnownFileType = sourcecode.swift; path = ViewController.swift; sourceTree = "<group>"; };
		C3FBE36922542DD60006284B /* Base */ = {isa = PBXFileReference; lastKnownFileType = file.storyboard; name = Base; path = Base.lproj/Main.storyboard; sourceTree = "<group>"; };
		C3FBE36B22542DD80006284B /* Assets.xcassets */ = {isa = PBXFileReference; lastKnownFileType = folder.assetcatalog; path = Assets.xcassets; sourceTree = "<group>"; };
		C3FBE36E22542DD80006284B /* Base */ = {isa = PBXFileReference; lastKnownFileType = file.storyboard; name = Base; path = Base.lproj/LaunchScreen.storyboard; sourceTree = "<group>"; };
		C3FBE37022542DD80006284B /* Info.plist */ = {isa = PBXFileReference; lastKnownFileType = text.plist.xml; path = Info.plist; sourceTree = "<group>"; };
		C3FBE37C22543A670006284B /* Loki-Network-Bridging-Header.h */ = {isa = PBXFileReference; lastKnownFileType = sourcecode.c.h; path = "Loki-Network-Bridging-Header.h"; sourceTree = "<group>"; };
/* End PBXFileReference section */

/* Begin PBXFrameworksBuildPhase section */
		C3FBE35E22542DD60006284B /* Frameworks */ = {
			isa = PBXFrameworksBuildPhase;
			buildActionMask = 2147483647;
			files = (
				B8F7984E225DAB7A00003DE6 /* libabyss.a in Frameworks */,
				B8F79848225DAA0C00003DE6 /* liblibutp.a in Frameworks */,
				B8F7985A225DAE7100003DE6 /* libabsl_base.a in Frameworks */,
				B8F7985C225DAE8B00003DE6 /* libabsl_internal_malloc_internal.a in Frameworks */,
				B8F7985E225DAE9700003DE6 /* libabsl_internal_spinlock_wait.a in Frameworks */,
				B8F79809225C74A800003DE6 /* libabsl_internal_throw_delegate.a in Frameworks */,
				B8F79866225DB13E00003DE6 /* libabsl_stacktrace.a in Frameworks */,
				B8F79864225DB0DB00003DE6 /* libabsl_symbolize.a in Frameworks */,
				B8F79805225C745400003DE6 /* libabsl_hash.a in Frameworks */,
				B8F79802225C736E00003DE6 /* libabsl_internal_city.a in Frameworks */,
				B8F7986C225DB1CE00003DE6 /* libabsl_int128.a in Frameworks */,
				B8F7980B225C74FA00003DE6 /* libabsl_strings.a in Frameworks */,
				B8F79858225DAE1700003DE6 /* libabsl_synchronization.a in Frameworks */,
				B8F79860225DAF4F00003DE6 /* libabsl_time.a in Frameworks */,
				B8F7986A225DB19A00003DE6 /* libabsl_bad_optional_access.a in Frameworks */,
				B8F79862225DB07800003DE6 /* libabsl_variant.a in Frameworks */,
				B8F797F0225C5E1E00003DE6 /* libcppbackport.a in Frameworks */,
				B8F79852225DAC4000003DE6 /* liblokinet-cryptography.a in Frameworks */,
				B8F7981A225D6F4100003DE6 /* liblokinet-util.a in Frameworks */,
				B8F797FD225C641F00003DE6 /* liblokinet-platform.a in Frameworks */,
				C3CBFB672256D57000F34631 /* liblokinet-static.a in Frameworks */,
			);
			runOnlyForDeploymentPostprocessing = 0;
		};
/* End PBXFrameworksBuildPhase section */

/* Begin PBXGroup section */
		C3FBE35822542DD60006284B = {
			isa = PBXGroup;
			children = (
				C3FBE36322542DD60006284B /* Loki Network */,
				C3FBE36222542DD60006284B /* Products */,
				C3FBE376225438E20006284B /* Frameworks */,
			);
			sourceTree = "<group>";
		};
		C3FBE36222542DD60006284B /* Products */ = {
			isa = PBXGroup;
			children = (
				C3FBE36122542DD60006284B /* Loki Network.app */,
			);
			name = Products;
			sourceTree = "<group>";
		};
		C3FBE36322542DD60006284B /* Loki Network */ = {
			isa = PBXGroup;
			children = (
				C3FBE36422542DD60006284B /* AppDelegate.swift */,
				C3FBE36622542DD60006284B /* ViewController.swift */,
				C3FBE36822542DD60006284B /* Main.storyboard */,
				C3FBE36B22542DD80006284B /* Assets.xcassets */,
				C3FBE36D22542DD80006284B /* LaunchScreen.storyboard */,
				C3FBE37022542DD80006284B /* Info.plist */,
				C3CBFB692257151D00F34631 /* C++ Interop Guide.md */,
				C3FBE37C22543A670006284B /* Loki-Network-Bridging-Header.h */,
				C3CBFB642256D47400F34631 /* liblokinet-wrapper.h */,
				C3CBFB632256D47400F34631 /* liblokinet-wrapper.cpp */,
				C3CBFB682256D61600F34631 /* llarp.h */,
			);
			path = "Loki Network";
			sourceTree = "<group>";
		};
		C3FBE376225438E20006284B /* Frameworks */ = {
			isa = PBXGroup;
			children = (
				B8F7984D225DAB7A00003DE6 /* libabyss.a */,
				B8F79847225DAA0C00003DE6 /* liblibutp.a */,
				B8F79859225DAE7100003DE6 /* libabsl_base.a */,
				B8F7985B225DAE8B00003DE6 /* libabsl_internal_malloc_internal.a */,
				B8F7985D225DAE9700003DE6 /* libabsl_internal_spinlock_wait.a */,
				B8F79808225C74A800003DE6 /* libabsl_internal_throw_delegate.a */,
				B8F79865225DB13E00003DE6 /* libabsl_stacktrace.a */,
				B8F79863225DB0DB00003DE6 /* libabsl_symbolize.a */,
				B8F79803225C737300003DE6 /* libabsl_hash.a */,
				B8F79801225C736E00003DE6 /* libabsl_internal_city.a */,
				B8F7986B225DB1CD00003DE6 /* libabsl_int128.a */,
				B8F7980A225C74FA00003DE6 /* libabsl_strings.a */,
				B8F79857225DAE1700003DE6 /* libabsl_synchronization.a */,
				B8F7985F225DAF4F00003DE6 /* libabsl_time.a */,
				B8F79869225DB19A00003DE6 /* libabsl_bad_optional_access.a */,
				B8F79861225DB07800003DE6 /* libabsl_variant.a */,
				B8F797EF225C5E1E00003DE6 /* libcppbackport.a */,
				B8F79851225DAC4000003DE6 /* liblokinet-cryptography.a */,
				B8F797FF225C6D3600003DE6 /* liblokinet-util.a */,
				B8F797FB225C641200003DE6 /* liblokinet-platform.a */,
				C3CBFB662256D57000F34631 /* liblokinet-static.a */,
			);
			name = Frameworks;
			sourceTree = "<group>";
		};
/* End PBXGroup section */

/* Begin PBXNativeTarget section */
		C3FBE36022542DD60006284B /* Loki Network */ = {
			isa = PBXNativeTarget;
			buildConfigurationList = C3FBE37322542DD80006284B /* Build configuration list for PBXNativeTarget "Loki Network" */;
			buildPhases = (
				C3FBE35D22542DD60006284B /* Sources */,
				C3FBE35E22542DD60006284B /* Frameworks */,
				C3FBE35F22542DD60006284B /* Resources */,
			);
			buildRules = (
			);
			dependencies = (
			);
			name = "Loki Network";
			productName = "Loki Network";
			productReference = C3FBE36122542DD60006284B /* Loki Network.app */;
			productType = "com.apple.product-type.application";
		};
/* End PBXNativeTarget section */

/* Begin PBXProject section */
		C3FBE35922542DD60006284B /* Project object */ = {
			isa = PBXProject;
			attributes = {
				LastSwiftUpdateCheck = 1020;
				LastUpgradeCheck = 1020;
				ORGANIZATIONNAME = loki;
				TargetAttributes = {
					C3FBE36022542DD60006284B = {
						CreatedOnToolsVersion = 10.2;
						LastSwiftMigration = 1020;
					};
				};
			};
			buildConfigurationList = C3FBE35C22542DD60006284B /* Build configuration list for PBXProject "Loki Network" */;
			compatibilityVersion = "Xcode 9.3";
			developmentRegion = en;
			hasScannedForEncodings = 0;
			knownRegions = (
				en,
				Base,
			);
			mainGroup = C3FBE35822542DD60006284B;
			productRefGroup = C3FBE36222542DD60006284B /* Products */;
			projectDirPath = "";
			projectRoot = "";
			targets = (
				C3FBE36022542DD60006284B /* Loki Network */,
			);
		};
/* End PBXProject section */

/* Begin PBXResourcesBuildPhase section */
		C3FBE35F22542DD60006284B /* Resources */ = {
			isa = PBXResourcesBuildPhase;
			buildActionMask = 2147483647;
			files = (
				C3FBE36F22542DD80006284B /* LaunchScreen.storyboard in Resources */,
				C3FBE36C22542DD80006284B /* Assets.xcassets in Resources */,
				C3FBE36A22542DD60006284B /* Main.storyboard in Resources */,
			);
			runOnlyForDeploymentPostprocessing = 0;
		};
/* End PBXResourcesBuildPhase section */

/* Begin PBXSourcesBuildPhase section */
		C3FBE35D22542DD60006284B /* Sources */ = {
			isa = PBXSourcesBuildPhase;
			buildActionMask = 2147483647;
			files = (
				C3CBFB652256D47400F34631 /* liblokinet-wrapper.cpp in Sources */,
				C3FBE36722542DD60006284B /* ViewController.swift in Sources */,
				C3FBE36522542DD60006284B /* AppDelegate.swift in Sources */,
			);
			runOnlyForDeploymentPostprocessing = 0;
		};
/* End PBXSourcesBuildPhase section */

/* Begin PBXVariantGroup section */
		C3FBE36822542DD60006284B /* Main.storyboard */ = {
			isa = PBXVariantGroup;
			children = (
				C3FBE36922542DD60006284B /* Base */,
			);
			name = Main.storyboard;
			sourceTree = "<group>";
		};
		C3FBE36D22542DD80006284B /* LaunchScreen.storyboard */ = {
			isa = PBXVariantGroup;
			children = (
				C3FBE36E22542DD80006284B /* Base */,
			);
			name = LaunchScreen.storyboard;
			sourceTree = "<group>";
		};
/* End PBXVariantGroup section */

/* Begin XCBuildConfiguration section */
		C3FBE37122542DD80006284B /* Debug */ = {
			isa = XCBuildConfiguration;
			buildSettings = {
				ALWAYS_SEARCH_USER_PATHS = NO;
				CLANG_ANALYZER_NONNULL = YES;
				CLANG_ANALYZER_NUMBER_OBJECT_CONVERSION = YES_AGGRESSIVE;
				CLANG_CXX_LANGUAGE_STANDARD = "gnu++14";
				CLANG_CXX_LIBRARY = "libc++";
				CLANG_ENABLE_MODULES = YES;
				CLANG_ENABLE_OBJC_ARC = YES;
				CLANG_ENABLE_OBJC_WEAK = YES;
				CLANG_WARN_BLOCK_CAPTURE_AUTORELEASING = YES;
				CLANG_WARN_BOOL_CONVERSION = YES;
				CLANG_WARN_COMMA = YES;
				CLANG_WARN_CONSTANT_CONVERSION = YES;
				CLANG_WARN_DEPRECATED_OBJC_IMPLEMENTATIONS = YES;
				CLANG_WARN_DIRECT_OBJC_ISA_USAGE = YES_ERROR;
				CLANG_WARN_DOCUMENTATION_COMMENTS = YES;
				CLANG_WARN_EMPTY_BODY = YES;
				CLANG_WARN_ENUM_CONVERSION = YES;
				CLANG_WARN_INFINITE_RECURSION = YES;
				CLANG_WARN_INT_CONVERSION = YES;
				CLANG_WARN_NON_LITERAL_NULL_CONVERSION = YES;
				CLANG_WARN_OBJC_IMPLICIT_RETAIN_SELF = YES;
				CLANG_WARN_OBJC_LITERAL_CONVERSION = YES;
				CLANG_WARN_OBJC_ROOT_CLASS = YES_ERROR;
				CLANG_WARN_RANGE_LOOP_ANALYSIS = YES;
				CLANG_WARN_STRICT_PROTOTYPES = YES;
				CLANG_WARN_SUSPICIOUS_MOVE = YES;
				CLANG_WARN_UNGUARDED_AVAILABILITY = YES_AGGRESSIVE;
				CLANG_WARN_UNREACHABLE_CODE = YES;
				CLANG_WARN__DUPLICATE_METHOD_MATCH = YES;
				CODE_SIGN_IDENTITY = "iPhone Developer";
				COPY_PHASE_STRIP = NO;
				DEBUG_INFORMATION_FORMAT = dwarf;
				ENABLE_STRICT_OBJC_MSGSEND = YES;
				ENABLE_TESTABILITY = YES;
				GCC_C_LANGUAGE_STANDARD = gnu11;
				GCC_DYNAMIC_NO_PIC = NO;
				GCC_NO_COMMON_BLOCKS = YES;
				GCC_OPTIMIZATION_LEVEL = 0;
				GCC_PREPROCESSOR_DEFINITIONS = (
					"DEBUG=1",
					"$(inherited)",
				);
				GCC_WARN_64_TO_32_BIT_CONVERSION = YES;
				GCC_WARN_ABOUT_RETURN_TYPE = YES_ERROR;
				GCC_WARN_UNDECLARED_SELECTOR = YES;
				GCC_WARN_UNINITIALIZED_AUTOS = YES_AGGRESSIVE;
				GCC_WARN_UNUSED_FUNCTION = YES;
				GCC_WARN_UNUSED_VARIABLE = YES;
				IPHONEOS_DEPLOYMENT_TARGET = 12.2;
				MTL_ENABLE_DEBUG_INFO = INCLUDE_SOURCE;
				MTL_FAST_MATH = YES;
				ONLY_ACTIVE_ARCH = YES;
				SDKROOT = iphoneos;
				SWIFT_ACTIVE_COMPILATION_CONDITIONS = DEBUG;
				SWIFT_OPTIMIZATION_LEVEL = "-Onone";
			};
			name = Debug;
		};
		C3FBE37222542DD80006284B /* Release */ = {
			isa = XCBuildConfiguration;
			buildSettings = {
				ALWAYS_SEARCH_USER_PATHS = NO;
				CLANG_ANALYZER_NONNULL = YES;
				CLANG_ANALYZER_NUMBER_OBJECT_CONVERSION = YES_AGGRESSIVE;
				CLANG_CXX_LANGUAGE_STANDARD = "gnu++14";
				CLANG_CXX_LIBRARY = "libc++";
				CLANG_ENABLE_MODULES = YES;
				CLANG_ENABLE_OBJC_ARC = YES;
				CLANG_ENABLE_OBJC_WEAK = YES;
				CLANG_WARN_BLOCK_CAPTURE_AUTORELEASING = YES;
				CLANG_WARN_BOOL_CONVERSION = YES;
				CLANG_WARN_COMMA = YES;
				CLANG_WARN_CONSTANT_CONVERSION = YES;
				CLANG_WARN_DEPRECATED_OBJC_IMPLEMENTATIONS = YES;
				CLANG_WARN_DIRECT_OBJC_ISA_USAGE = YES_ERROR;
				CLANG_WARN_DOCUMENTATION_COMMENTS = YES;
				CLANG_WARN_EMPTY_BODY = YES;
				CLANG_WARN_ENUM_CONVERSION = YES;
				CLANG_WARN_INFINITE_RECURSION = YES;
				CLANG_WARN_INT_CONVERSION = YES;
				CLANG_WARN_NON_LITERAL_NULL_CONVERSION = YES;
				CLANG_WARN_OBJC_IMPLICIT_RETAIN_SELF = YES;
				CLANG_WARN_OBJC_LITERAL_CONVERSION = YES;
				CLANG_WARN_OBJC_ROOT_CLASS = YES_ERROR;
				CLANG_WARN_RANGE_LOOP_ANALYSIS = YES;
				CLANG_WARN_STRICT_PROTOTYPES = YES;
				CLANG_WARN_SUSPICIOUS_MOVE = YES;
				CLANG_WARN_UNGUARDED_AVAILABILITY = YES_AGGRESSIVE;
				CLANG_WARN_UNREACHABLE_CODE = YES;
				CLANG_WARN__DUPLICATE_METHOD_MATCH = YES;
				CODE_SIGN_IDENTITY = "iPhone Developer";
				COPY_PHASE_STRIP = NO;
				DEBUG_INFORMATION_FORMAT = "dwarf-with-dsym";
				ENABLE_NS_ASSERTIONS = NO;
				ENABLE_STRICT_OBJC_MSGSEND = YES;
				GCC_C_LANGUAGE_STANDARD = gnu11;
				GCC_NO_COMMON_BLOCKS = YES;
				GCC_WARN_64_TO_32_BIT_CONVERSION = YES;
				GCC_WARN_ABOUT_RETURN_TYPE = YES_ERROR;
				GCC_WARN_UNDECLARED_SELECTOR = YES;
				GCC_WARN_UNINITIALIZED_AUTOS = YES_AGGRESSIVE;
				GCC_WARN_UNUSED_FUNCTION = YES;
				GCC_WARN_UNUSED_VARIABLE = YES;
				IPHONEOS_DEPLOYMENT_TARGET = 12.2;
				MTL_ENABLE_DEBUG_INFO = NO;
				MTL_FAST_MATH = YES;
				SDKROOT = iphoneos;
				SWIFT_COMPILATION_MODE = wholemodule;
				SWIFT_OPTIMIZATION_LEVEL = "-O";
				VALIDATE_PRODUCT = YES;
			};
			name = Release;
		};
		C3FBE37422542DD80006284B /* Debug */ = {
			isa = XCBuildConfiguration;
			buildSettings = {
				ASSETCATALOG_COMPILER_APPICON_NAME = AppIcon;
				CODE_SIGN_STYLE = Automatic;
				DEVELOPMENT_TEAM = ZU63H493D4;
				INFOPLIST_FILE = "Loki Network/Info.plist";
				LD_RUNPATH_SEARCH_PATHS = (
					"$(inherited)",
					"@executable_path/Frameworks",
				);
				LIBRARY_SEARCH_PATHS = (
					"$(inherited)",
					"$(PROJECT_DIR)",
					"$(PROJECT_DIR)/../build",
					"$(PROJECT_DIR)/../build/libutp",
					"$(PROJECT_DIR)/../build/vendor/abseil-cpp/absl/base",
					"$(PROJECT_DIR)/../build/vendor/abseil-cpp/absl/debugging",
					"$(PROJECT_DIR)/../build/vendor/abseil-cpp/absl/hash",
					"$(PROJECT_DIR)/../build/vendor/abseil-cpp/absl/numeric",
					"$(PROJECT_DIR)/../build/vendor/abseil-cpp/absl/strings",
					"$(PROJECT_DIR)/../build/vendor/abseil-cpp/absl/synchronization",
					"$(PROJECT_DIR)/../build/vendor/abseil-cpp/absl/time",
					"$(PROJECT_DIR)/../build/vendor/abseil-cpp/absl/types",
					"$(PROJECT_DIR)/../build/vendor",
					"$(PROJECT_DIR)/../build/crypto",
					"$(PROJECT_DIR)/../build/llarp",
				);
				PRODUCT_BUNDLE_IDENTIFIER = "com.loki.loki-network.Loki-Network";
				PRODUCT_NAME = "$(TARGET_NAME)";
				SWIFT_OBJC_BRIDGING_HEADER = "Loki Network/Loki-Network-Bridging-Header.h";
				SWIFT_VERSION = 5.0;
				SYSTEM_HEADER_SEARCH_PATHS = (
					"$(PROJECT_DIR)/../include",
					"$(PROJECT_DIR)/../llarp",
					"$(PROJECT_DIR)/../crypto/include",
					"$(PROJECT_DIR)/../vendor/abseil-cpp",
					"$(PROJECT_DIR)/../vendor/nlohmann/include",
				);
				TARGETED_DEVICE_FAMILY = "1,2";
			};
			name = Debug;
		};
		C3FBE37522542DD80006284B /* Release */ = {
			isa = XCBuildConfiguration;
			buildSettings = {
				ASSETCATALOG_COMPILER_APPICON_NAME = AppIcon;
				CODE_SIGN_STYLE = Automatic;
				DEVELOPMENT_TEAM = ZU63H493D4;
				INFOPLIST_FILE = "Loki Network/Info.plist";
				LD_RUNPATH_SEARCH_PATHS = (
					"$(inherited)",
					"@executable_path/Frameworks",
				);
				LIBRARY_SEARCH_PATHS = (
					"$(inherited)",
					"$(PROJECT_DIR)",
					"$(PROJECT_DIR)/../build",
					"$(PROJECT_DIR)/../build/libutp",
					"$(PROJECT_DIR)/../build/vendor/abseil-cpp/absl/base",
					"$(PROJECT_DIR)/../build/vendor/abseil-cpp/absl/debugging",
					"$(PROJECT_DIR)/../build/vendor/abseil-cpp/absl/hash",
					"$(PROJECT_DIR)/../build/vendor/abseil-cpp/absl/numeric",
					"$(PROJECT_DIR)/../build/vendor/abseil-cpp/absl/strings",
					"$(PROJECT_DIR)/../build/vendor/abseil-cpp/absl/synchronization",
					"$(PROJECT_DIR)/../build/vendor/abseil-cpp/absl/time",
					"$(PROJECT_DIR)/../build/vendor/abseil-cpp/absl/types",
					"$(PROJECT_DIR)/../build/vendor",
					"$(PROJECT_DIR)/../build/crypto",
					"$(PROJECT_DIR)/../build/llarp",
				);
				PRODUCT_BUNDLE_IDENTIFIER = "com.loki.loki-network.Loki-Network";
				PRODUCT_NAME = "$(TARGET_NAME)";
				SWIFT_OBJC_BRIDGING_HEADER = "Loki Network/Loki-Network-Bridging-Header.h";
				SWIFT_VERSION = 5.0;
				SYSTEM_HEADER_SEARCH_PATHS = (
					"$(PROJECT_DIR)/../include",
					"$(PROJECT_DIR)/../llarp",
					"$(PROJECT_DIR)/../crypto/include",
					"$(PROJECT_DIR)/../vendor/abseil-cpp",
					"$(PROJECT_DIR)/../vendor/nlohmann/include",
				);
				TARGETED_DEVICE_FAMILY = "1,2";
			};
			name = Release;
		};
/* End XCBuildConfiguration section */

/* Begin XCConfigurationList section */
		C3FBE35C22542DD60006284B /* Build configuration list for PBXProject "Loki Network" */ = {
			isa = XCConfigurationList;
			buildConfigurations = (
				C3FBE37122542DD80006284B /* Debug */,
				C3FBE37222542DD80006284B /* Release */,
			);
			defaultConfigurationIsVisible = 0;
			defaultConfigurationName = Release;
		};
		C3FBE37322542DD80006284B /* Build configuration list for PBXNativeTarget "Loki Network" */ = {
			isa = XCConfigurationList;
			buildConfigurations = (
				C3FBE37422542DD80006284B /* Debug */,
				C3FBE37522542DD80006284B /* Release */,
			);
			defaultConfigurationIsVisible = 0;
			defaultConfigurationName = Release;
		};
/* End XCConfigurationList section */
	};
	rootObject = C3FBE35922542DD60006284B /* Project object */;
}
